// !$*UTF8*$!
{
	archiveVersion = 1;
	classes = {
	};
	objectVersion = 48;
	objects = {

/* Begin PBXBuildFile section */
		F0D6DFDC2026C466000813D7 /* AppDelegate.swift in Sources */ = {isa = PBXBuildFile; fileRef = F0D6DFDB2026C466000813D7 /* AppDelegate.swift */; };
		F0D6DFDE2026C466000813D7 /* ViewController.swift in Sources */ = {isa = PBXBuildFile; fileRef = F0D6DFDD2026C466000813D7 /* ViewController.swift */; };
		F0D6DFE12026C466000813D7 /* Main.storyboard in Resources */ = {isa = PBXBuildFile; fileRef = F0D6DFDF2026C466000813D7 /* Main.storyboard */; };
		F0D6DFE32026C466000813D7 /* Assets.xcassets in Resources */ = {isa = PBXBuildFile; fileRef = F0D6DFE22026C466000813D7 /* Assets.xcassets */; };
		F0D6DFE62026C466000813D7 /* LaunchScreen.storyboard in Resources */ = {isa = PBXBuildFile; fileRef = F0D6DFE42026C466000813D7 /* LaunchScreen.storyboard */; };
		F0D6DFF12026C466000813D7 /* DrawingTests.swift in Sources */ = {isa = PBXBuildFile; fileRef = F0D6DFF02026C466000813D7 /* DrawingTests.swift */; };
		F0D6DFFC2026C466000813D7 /* DrawingUITests.swift in Sources */ = {isa = PBXBuildFile; fileRef = F0D6DFFB2026C466000813D7 /* DrawingUITests.swift */; };
/* End PBXBuildFile section */

/* Begin PBXContainerItemProxy section */
		F0D6DFED2026C466000813D7 /* PBXContainerItemProxy */ = {
			isa = PBXContainerItemProxy;
			containerPortal = F0D6DFD02026C466000813D7 /* Project object */;
			proxyType = 1;
			remoteGlobalIDString = F0D6DFD72026C466000813D7;
			remoteInfo = Drawing;
		};
		F0D6DFF82026C466000813D7 /* PBXContainerItemProxy */ = {
			isa = PBXContainerItemProxy;
			containerPortal = F0D6DFD02026C466000813D7 /* Project object */;
			proxyType = 1;
			remoteGlobalIDString = F0D6DFD72026C466000813D7;
			remoteInfo = Drawing;
		};
/* End PBXContainerItemProxy section */

/* Begin PBXFileReference section */
		F0D6DFD82026C466000813D7 /* Drawing.app */ = {isa = PBXFileReference; explicitFileType = wrapper.application; includeInIndex = 0; path = Drawing.app; sourceTree = BUILT_PRODUCTS_DIR; };
		F0D6DFDB2026C466000813D7 /* AppDelegate.swift */ = {isa = PBXFileReference; lastKnownFileType = sourcecode.swift; path = AppDelegate.swift; sourceTree = "<group>"; };
		F0D6DFDD2026C466000813D7 /* ViewController.swift */ = {isa = PBXFileReference; lastKnownFileType = sourcecode.swift; path = ViewController.swift; sourceTree = "<group>"; };
		F0D6DFE02026C466000813D7 /* Base */ = {isa = PBXFileReference; lastKnownFileType = file.storyboard; name = Base; path = Base.lproj/Main.storyboard; sourceTree = "<group>"; };
		F0D6DFE22026C466000813D7 /* Assets.xcassets */ = {isa = PBXFileReference; lastKnownFileType = folder.assetcatalog; path = Assets.xcassets; sourceTree = "<group>"; };
		F0D6DFE52026C466000813D7 /* Base */ = {isa = PBXFileReference; lastKnownFileType = file.storyboard; name = Base; path = Base.lproj/LaunchScreen.storyboard; sourceTree = "<group>"; };
		F0D6DFE72026C466000813D7 /* Info.plist */ = {isa = PBXFileReference; lastKnownFileType = text.plist.xml; path = Info.plist; sourceTree = "<group>"; };
		F0D6DFEC2026C466000813D7 /* DrawingTests.xctest */ = {isa = PBXFileReference; explicitFileType = wrapper.cfbundle; includeInIndex = 0; path = DrawingTests.xctest; sourceTree = BUILT_PRODUCTS_DIR; };
		F0D6DFF02026C466000813D7 /* DrawingTests.swift */ = {isa = PBXFileReference; lastKnownFileType = sourcecode.swift; path = DrawingTests.swift; sourceTree = "<group>"; };
		F0D6DFF22026C466000813D7 /* Info.plist */ = {isa = PBXFileReference; lastKnownFileType = text.plist.xml; path = Info.plist; sourceTree = "<group>"; };
		F0D6DFF72026C466000813D7 /* DrawingUITests.xctest */ = {isa = PBXFileReference; explicitFileType = wrapper.cfbundle; includeInIndex = 0; path = DrawingUITests.xctest; sourceTree = BUILT_PRODUCTS_DIR; };
		F0D6DFFB2026C466000813D7 /* DrawingUITests.swift */ = {isa = PBXFileReference; lastKnownFileType = sourcecode.swift; path = DrawingUITests.swift; sourceTree = "<group>"; };
		F0D6DFFD2026C466000813D7 /* Info.plist */ = {isa = PBXFileReference; lastKnownFileType = text.plist.xml; path = Info.plist; sourceTree = "<group>"; };
/* End PBXFileReference section */

/* Begin PBXFrameworksBuildPhase section */
		F0D6DFD52026C466000813D7 /* Frameworks */ = {
			isa = PBXFrameworksBuildPhase;
			buildActionMask = 2147483647;
			files = (
			);
			runOnlyForDeploymentPostprocessing = 0;
		};
		F0D6DFE92026C466000813D7 /* Frameworks */ = {
			isa = PBXFrameworksBuildPhase;
			buildActionMask = 2147483647;
			files = (
			);
			runOnlyForDeploymentPostprocessing = 0;
		};
		F0D6DFF42026C466000813D7 /* Frameworks */ = {
			isa = PBXFrameworksBuildPhase;
			buildActionMask = 2147483647;
			files = (
			);
			runOnlyForDeploymentPostprocessing = 0;
		};
/* End PBXFrameworksBuildPhase section */

/* Begin PBXGroup section */
		F0D6DFCF2026C466000813D7 = {
			isa = PBXGroup;
			children = (
				F0D6DFDA2026C466000813D7 /* Drawing */,
				F0D6DFEF2026C466000813D7 /* DrawingTests */,
				F0D6DFFA2026C466000813D7 /* DrawingUITests */,
				F0D6DFD92026C466000813D7 /* Products */,
			);
			sourceTree = "<group>";
		};
		F0D6DFD92026C466000813D7 /* Products */ = {
			isa = PBXGroup;
			children = (
				F0D6DFD82026C466000813D7 /* Drawing.app */,
				F0D6DFEC2026C466000813D7 /* DrawingTests.xctest */,
				F0D6DFF72026C466000813D7 /* DrawingUITests.xctest */,
			);
			name = Products;
			sourceTree = "<group>";
		};
		F0D6DFDA2026C466000813D7 /* Drawing */ = {
			isa = PBXGroup;
			children = (
				F0D6DFDB2026C466000813D7 /* AppDelegate.swift */,
				F0D6DFDD2026C466000813D7 /* ViewController.swift */,
				F0D6DFDF2026C466000813D7 /* Main.storyboard */,
				F0D6DFE22026C466000813D7 /* Assets.xcassets */,
				F0D6DFE42026C466000813D7 /* LaunchScreen.storyboard */,
				F0D6DFE72026C466000813D7 /* Info.plist */,
			);
			path = Drawing;
			sourceTree = "<group>";
		};
		F0D6DFEF2026C466000813D7 /* DrawingTests */ = {
			isa = PBXGroup;
			children = (
				F0D6DFF02026C466000813D7 /* DrawingTests.swift */,
				F0D6DFF22026C466000813D7 /* Info.plist */,
			);
			path = DrawingTests;
			sourceTree = "<group>";
		};
		F0D6DFFA2026C466000813D7 /* DrawingUITests */ = {
			isa = PBXGroup;
			children = (
				F0D6DFFB2026C466000813D7 /* DrawingUITests.swift */,
				F0D6DFFD2026C466000813D7 /* Info.plist */,
			);
			path = DrawingUITests;
			sourceTree = "<group>";
		};
/* End PBXGroup section */

/* Begin PBXNativeTarget section */
		F0D6DFD72026C466000813D7 /* Drawing */ = {
			isa = PBXNativeTarget;
			buildConfigurationList = F0D6E0002026C466000813D7 /* Build configuration list for PBXNativeTarget "Drawing" */;
			buildPhases = (
				F0D6DFD42026C466000813D7 /* Sources */,
				F0D6DFD52026C466000813D7 /* Frameworks */,
				F0D6DFD62026C466000813D7 /* Resources */,
			);
			buildRules = (
			);
			dependencies = (
			);
			name = Drawing;
			productName = Drawing;
			productReference = F0D6DFD82026C466000813D7 /* Drawing.app */;
			productType = "com.apple.product-type.application";
		};
		F0D6DFEB2026C466000813D7 /* DrawingTests */ = {
			isa = PBXNativeTarget;
			buildConfigurationList = F0D6E0032026C466000813D7 /* Build configuration list for PBXNativeTarget "DrawingTests" */;
			buildPhases = (
				F0D6DFE82026C466000813D7 /* Sources */,
				F0D6DFE92026C466000813D7 /* Frameworks */,
				F0D6DFEA2026C466000813D7 /* Resources */,
			);
			buildRules = (
			);
			dependencies = (
				F0D6DFEE2026C466000813D7 /* PBXTargetDependency */,
			);
			name = DrawingTests;
			productName = DrawingTests;
			productReference = F0D6DFEC2026C466000813D7 /* DrawingTests.xctest */;
			productType = "com.apple.product-type.bundle.unit-test";
		};
		F0D6DFF62026C466000813D7 /* DrawingUITests */ = {
			isa = PBXNativeTarget;
			buildConfigurationList = F0D6E0062026C466000813D7 /* Build configuration list for PBXNativeTarget "DrawingUITests" */;
			buildPhases = (
				F0D6DFF32026C466000813D7 /* Sources */,
				F0D6DFF42026C466000813D7 /* Frameworks */,
				F0D6DFF52026C466000813D7 /* Resources */,
			);
			buildRules = (
			);
			dependencies = (
				F0D6DFF92026C466000813D7 /* PBXTargetDependency */,
			);
			name = DrawingUITests;
			productName = DrawingUITests;
			productReference = F0D6DFF72026C466000813D7 /* DrawingUITests.xctest */;
			productType = "com.apple.product-type.bundle.ui-testing";
		};
/* End PBXNativeTarget section */

/* Begin PBXProject section */
		F0D6DFD02026C466000813D7 /* Project object */ = {
			isa = PBXProject;
			attributes = {
				LastSwiftUpdateCheck = 0920;
				LastUpgradeCheck = 0920;
				ORGANIZATIONNAME = "Guillaume Vialle";
				TargetAttributes = {
					F0D6DFD72026C466000813D7 = {
						CreatedOnToolsVersion = 9.2;
						ProvisioningStyle = Automatic;
					};
					F0D6DFEB2026C466000813D7 = {
						CreatedOnToolsVersion = 9.2;
						ProvisioningStyle = Automatic;
						TestTargetID = F0D6DFD72026C466000813D7;
					};
					F0D6DFF62026C466000813D7 = {
						CreatedOnToolsVersion = 9.2;
						ProvisioningStyle = Automatic;
						TestTargetID = F0D6DFD72026C466000813D7;
					};
				};
			};
			buildConfigurationList = F0D6DFD32026C466000813D7 /* Build configuration list for PBXProject "Drawing" */;
			compatibilityVersion = "Xcode 8.0";
			developmentRegion = en;
			hasScannedForEncodings = 0;
			knownRegions = (
				en,
				Base,
			);
			mainGroup = F0D6DFCF2026C466000813D7;
			productRefGroup = F0D6DFD92026C466000813D7 /* Products */;
			projectDirPath = "";
			projectRoot = "";
			targets = (
				F0D6DFD72026C466000813D7 /* Drawing */,
				F0D6DFEB2026C466000813D7 /* DrawingTests */,
				F0D6DFF62026C466000813D7 /* DrawingUITests */,
			);
		};
/* End PBXProject section */

/* Begin PBXResourcesBuildPhase section */
		F0D6DFD62026C466000813D7 /* Resources */ = {
			isa = PBXResourcesBuildPhase;
			buildActionMask = 2147483647;
			files = (
				F0D6DFE62026C466000813D7 /* LaunchScreen.storyboard in Resources */,
				F0D6DFE32026C466000813D7 /* Assets.xcassets in Resources */,
				F0D6DFE12026C466000813D7 /* Main.storyboard in Resources */,
			);
			runOnlyForDeploymentPostprocessing = 0;
		};
		F0D6DFEA2026C466000813D7 /* Resources */ = {
			isa = PBXResourcesBuildPhase;
			buildActionMask = 2147483647;
			files = (
			);
			runOnlyForDeploymentPostprocessing = 0;
		};
		F0D6DFF52026C466000813D7 /* Resources */ = {
			isa = PBXResourcesBuildPhase;
			buildActionMask = 2147483647;
			files = (
			);
			runOnlyForDeploymentPostprocessing = 0;
		};
/* End PBXResourcesBuildPhase section */

/* Begin PBXSourcesBuildPhase section */
		F0D6DFD42026C466000813D7 /* Sources */ = {
			isa = PBXSourcesBuildPhase;
			buildActionMask = 2147483647;
			files = (
				F0D6DFDE2026C466000813D7 /* ViewController.swift in Sources */,
				F0D6DFDC2026C466000813D7 /* AppDelegate.swift in Sources */,
			);
			runOnlyForDeploymentPostprocessing = 0;
		};
		F0D6DFE82026C466000813D7 /* Sources */ = {
			isa = PBXSourcesBuildPhase;
			buildActionMask = 2147483647;
			files = (
				F0D6DFF12026C466000813D7 /* DrawingTests.swift in Sources */,
			);
			runOnlyForDeploymentPostprocessing = 0;
		};
		F0D6DFF32026C466000813D7 /* Sources */ = {
			isa = PBXSourcesBuildPhase;
			buildActionMask = 2147483647;
			files = (
				F0D6DFFC2026C466000813D7 /* DrawingUITests.swift in Sources */,
			);
			runOnlyForDeploymentPostprocessing = 0;
		};
/* End PBXSourcesBuildPhase section */

/* Begin PBXTargetDependency section */
		F0D6DFEE2026C466000813D7 /* PBXTargetDependency */ = {
			isa = PBXTargetDependency;
			target = F0D6DFD72026C466000813D7 /* Drawing */;
			targetProxy = F0D6DFED2026C466000813D7 /* PBXContainerItemProxy */;
		};
		F0D6DFF92026C466000813D7 /* PBXTargetDependency */ = {
			isa = PBXTargetDependency;
			target = F0D6DFD72026C466000813D7 /* Drawing */;
			targetProxy = F0D6DFF82026C466000813D7 /* PBXContainerItemProxy */;
		};
/* End PBXTargetDependency section */

/* Begin PBXVariantGroup section */
		F0D6DFDF2026C466000813D7 /* Main.storyboard */ = {
			isa = PBXVariantGroup;
			children = (
				F0D6DFE02026C466000813D7 /* Base */,
			);
			name = Main.storyboard;
			sourceTree = "<group>";
		};
		F0D6DFE42026C466000813D7 /* LaunchScreen.storyboard */ = {
			isa = PBXVariantGroup;
			children = (
				F0D6DFE52026C466000813D7 /* Base */,
			);
			name = LaunchScreen.storyboard;
			sourceTree = "<group>";
		};
/* End PBXVariantGroup section */

/* Begin XCBuildConfiguration section */
		F0D6DFFE2026C466000813D7 /* Debug */ = {
			isa = XCBuildConfiguration;
			buildSettings = {
				ALWAYS_SEARCH_USER_PATHS = NO;
				CLANG_ANALYZER_NONNULL = YES;
				CLANG_ANALYZER_NUMBER_OBJECT_CONVERSION = YES_AGGRESSIVE;
				CLANG_CXX_LANGUAGE_STANDARD = "gnu++14";
				CLANG_CXX_LIBRARY = "libc++";
				CLANG_ENABLE_MODULES = YES;
				CLANG_ENABLE_OBJC_ARC = YES;
				CLANG_WARN_BLOCK_CAPTURE_AUTORELEASING = YES;
				CLANG_WARN_BOOL_CONVERSION = YES;
				CLANG_WARN_COMMA = YES;
				CLANG_WARN_CONSTANT_CONVERSION = YES;
				CLANG_WARN_DIRECT_OBJC_ISA_USAGE = YES_ERROR;
				CLANG_WARN_DOCUMENTATION_COMMENTS = YES;
				CLANG_WARN_EMPTY_BODY = YES;
				CLANG_WARN_ENUM_CONVERSION = YES;
				CLANG_WARN_INFINITE_RECURSION = YES;
				CLANG_WARN_INT_CONVERSION = YES;
				CLANG_WARN_NON_LITERAL_NULL_CONVERSION = YES;
				CLANG_WARN_OBJC_LITERAL_CONVERSION = YES;
				CLANG_WARN_OBJC_ROOT_CLASS = YES_ERROR;
				CLANG_WARN_RANGE_LOOP_ANALYSIS = YES;
				CLANG_WARN_STRICT_PROTOTYPES = YES;
				CLANG_WARN_SUSPICIOUS_MOVE = YES;
				CLANG_WARN_UNGUARDED_AVAILABILITY = YES_AGGRESSIVE;
				CLANG_WARN_UNREACHABLE_CODE = YES;
				CLANG_WARN__DUPLICATE_METHOD_MATCH = YES;
				CODE_SIGN_IDENTITY = "iPhone Developer";
				COPY_PHASE_STRIP = NO;
				DEBUG_INFORMATION_FORMAT = dwarf;
				ENABLE_STRICT_OBJC_MSGSEND = YES;
				ENABLE_TESTABILITY = YES;
				GCC_C_LANGUAGE_STANDARD = gnu11;
				GCC_DYNAMIC_NO_PIC = NO;
				GCC_NO_COMMON_BLOCKS = YES;
				GCC_OPTIMIZATION_LEVEL = 0;
				GCC_PREPROCESSOR_DEFINITIONS = (
					"DEBUG=1",
					"$(inherited)",
				);
				GCC_WARN_64_TO_32_BIT_CONVERSION = YES;
				GCC_WARN_ABOUT_RETURN_TYPE = YES_ERROR;
				GCC_WARN_UNDECLARED_SELECTOR = YES;
				GCC_WARN_UNINITIALIZED_AUTOS = YES_AGGRESSIVE;
				GCC_WARN_UNUSED_FUNCTION = YES;
				GCC_WARN_UNUSED_VARIABLE = YES;
				IPHONEOS_DEPLOYMENT_TARGET = 11.2;
				MTL_ENABLE_DEBUG_INFO = YES;
				ONLY_ACTIVE_ARCH = YES;
				SDKROOT = iphoneos;
				SWIFT_ACTIVE_COMPILATION_CONDITIONS = DEBUG;
				SWIFT_OPTIMIZATION_LEVEL = "-Onone";
			};
			name = Debug;
		};
		F0D6DFFF2026C466000813D7 /* Release */ = {
			isa = XCBuildConfiguration;
			buildSettings = {
				ALWAYS_SEARCH_USER_PATHS = NO;
				CLANG_ANALYZER_NONNULL = YES;
				CLANG_ANALYZER_NUMBER_OBJECT_CONVERSION = YES_AGGRESSIVE;
				CLANG_CXX_LANGUAGE_STANDARD = "gnu++14";
				CLANG_CXX_LIBRARY = "libc++";
				CLANG_ENABLE_MODULES = YES;
				CLANG_ENABLE_OBJC_ARC = YES;
				CLANG_WARN_BLOCK_CAPTURE_AUTORELEASING = YES;
				CLANG_WARN_BOOL_CONVERSION = YES;
				CLANG_WARN_COMMA = YES;
				CLANG_WARN_CONSTANT_CONVERSION = YES;
				CLANG_WARN_DIRECT_OBJC_ISA_USAGE = YES_ERROR;
				CLANG_WARN_DOCUMENTATION_COMMENTS = YES;
				CLANG_WARN_EMPTY_BODY = YES;
				CLANG_WARN_ENUM_CONVERSION = YES;
				CLANG_WARN_INFINITE_RECURSION = YES;
				CLANG_WARN_INT_CONVERSION = YES;
				CLANG_WARN_NON_LITERAL_NULL_CONVERSION = YES;
				CLANG_WARN_OBJC_LITERAL_CONVERSION = YES;
				CLANG_WARN_OBJC_ROOT_CLASS = YES_ERROR;
				CLANG_WARN_RANGE_LOOP_ANALYSIS = YES;
				CLANG_WARN_STRICT_PROTOTYPES = YES;
				CLANG_WARN_SUSPICIOUS_MOVE = YES;
				CLANG_WARN_UNGUARDED_AVAILABILITY = YES_AGGRESSIVE;
				CLANG_WARN_UNREACHABLE_CODE = YES;
				CLANG_WARN__DUPLICATE_METHOD_MATCH = YES;
				CODE_SIGN_IDENTITY = "iPhone Developer";
				COPY_PHASE_STRIP = NO;
				DEBUG_INFORMATION_FORMAT = "dwarf-with-dsym";
				ENABLE_NS_ASSERTIONS = NO;
				ENABLE_STRICT_OBJC_MSGSEND = YES;
				GCC_C_LANGUAGE_STANDARD = gnu11;
				GCC_NO_COMMON_BLOCKS = YES;
				GCC_WARN_64_TO_32_BIT_CONVERSION = YES;
				GCC_WARN_ABOUT_RETURN_TYPE = YES_ERROR;
				GCC_WARN_UNDECLARED_SELECTOR = YES;
				GCC_WARN_UNINITIALIZED_AUTOS = YES_AGGRESSIVE;
				GCC_WARN_UNUSED_FUNCTION = YES;
				GCC_WARN_UNUSED_VARIABLE = YES;
				IPHONEOS_DEPLOYMENT_TARGET = 11.2;
				MTL_ENABLE_DEBUG_INFO = NO;
				SDKROOT = iphoneos;
				SWIFT_OPTIMIZATION_LEVEL = "-Owholemodule";
				VALIDATE_PRODUCT = YES;
			};
			name = Release;
		};
		F0D6E0012026C466000813D7 /* Debug */ = {
			isa = XCBuildConfiguration;
			buildSettings = {
				ASSETCATALOG_COMPILER_APPICON_NAME = AppIcon;
				CODE_SIGN_STYLE = Automatic;
				INFOPLIST_FILE = Drawing/Info.plist;
				LD_RUNPATH_SEARCH_PATHS = "$(inherited) @executable_path/Frameworks";
				PRODUCT_BUNDLE_IDENTIFIER = try.Drawing;
				PRODUCT_NAME = "$(TARGET_NAME)";
				SWIFT_VERSION = 4.0;
				TARGETED_DEVICE_FAMILY = "1,2";
			};
			name = Debug;
		};
		F0D6E0022026C466000813D7 /* Release */ = {
			isa = XCBuildConfiguration;
			buildSettings = {
				ASSETCATALOG_COMPILER_APPICON_NAME = AppIcon;
				CODE_SIGN_STYLE = Automatic;
				INFOPLIST_FILE = Drawing/Info.plist;
				LD_RUNPATH_SEARCH_PATHS = "$(inherited) @executable_path/Frameworks";
				PRODUCT_BUNDLE_IDENTIFIER = try.Drawing;
				PRODUCT_NAME = "$(TARGET_NAME)";
				SWIFT_VERSION = 4.0;
				TARGETED_DEVICE_FAMILY = "1,2";
			};
			name = Release;
		};
		F0D6E0042026C466000813D7 /* Debug */ = {
			isa = XCBuildConfiguration;
			buildSettings = {
				ALWAYS_EMBED_SWIFT_STANDARD_LIBRARIES = YES;
				BUNDLE_LOADER = "$(TEST_HOST)";
				CODE_SIGN_STYLE = Automatic;
				INFOPLIST_FILE = DrawingTests/Info.plist;
				LD_RUNPATH_SEARCH_PATHS = "$(inherited) @executable_path/Frameworks @loader_path/Frameworks";
				PRODUCT_BUNDLE_IDENTIFIER = try.DrawingTests;
				PRODUCT_NAME = "$(TARGET_NAME)";
				SWIFT_VERSION = 4.0;
				TARGETED_DEVICE_FAMILY = "1,2";
				TEST_HOST = "$(BUILT_PRODUCTS_DIR)/Drawing.app/Drawing";
			};
			name = Debug;
		};
		F0D6E0052026C466000813D7 /* Release */ = {
			isa = XCBuildConfiguration;
			buildSettings = {
				ALWAYS_EMBED_SWIFT_STANDARD_LIBRARIES = YES;
				BUNDLE_LOADER = "$(TEST_HOST)";
				CODE_SIGN_STYLE = Automatic;
				INFOPLIST_FILE = DrawingTests/Info.plist;
				LD_RUNPATH_SEARCH_PATHS = "$(inherited) @executable_path/Frameworks @loader_path/Frameworks";
				PRODUCT_BUNDLE_IDENTIFIER = try.DrawingTests;
				PRODUCT_NAME = "$(TARGET_NAME)";
				SWIFT_VERSION = 4.0;
				TARGETED_DEVICE_FAMILY = "1,2";
				TEST_HOST = "$(BUILT_PRODUCTS_DIR)/Drawing.app/Drawing";
			};
			name = Release;
		};
		F0D6E0072026C466000813D7 /* Debug */ = {
			isa = XCBuildConfiguration;
			buildSettings = {
				ALWAYS_EMBED_SWIFT_STANDARD_LIBRARIES = YES;
				CODE_SIGN_STYLE = Automatic;
				INFOPLIST_FILE = DrawingUITests/Info.plist;
				LD_RUNPATH_SEARCH_PATHS = "$(inherited) @executable_path/Frameworks @loader_path/Frameworks";
				PRODUCT_BUNDLE_IDENTIFIER = try.DrawingUITests;
				PRODUCT_NAME = "$(TARGET_NAME)";
				SWIFT_VERSION = 4.0;
				TARGETED_DEVICE_FAMILY = "1,2";
				TEST_TARGET_NAME = Drawing;
			};
			name = Debug;
		};
		F0D6E0082026C466000813D7 /* Release */ = {
			isa = XCBuildConfiguration;
			buildSettings = {
				ALWAYS_EMBED_SWIFT_STANDARD_LIBRARIES = YES;
				CODE_SIGN_STYLE = Automatic;
				INFOPLIST_FILE = DrawingUITests/Info.plist;
				LD_RUNPATH_SEARCH_PATHS = "$(inherited) @executable_path/Frameworks @loader_path/Frameworks";
				PRODUCT_BUNDLE_IDENTIFIER = try.DrawingUITests;
				PRODUCT_NAME = "$(TARGET_NAME)";
				SWIFT_VERSION = 4.0;
				TARGETED_DEVICE_FAMILY = "1,2";
				TEST_TARGET_NAME = Drawing;
			};
			name = Release;
		};
/* End XCBuildConfiguration section */

/* Begin XCConfigurationList section */
		F0D6DFD32026C466000813D7 /* Build configuration list for PBXProject "Drawing" */ = {
			isa = XCConfigurationList;
			buildConfigurations = (
				F0D6DFFE2026C466000813D7 /* Debug */,
				F0D6DFFF2026C466000813D7 /* Release */,
			);
			defaultConfigurationIsVisible = 0;
			defaultConfigurationName = Release;
		};
		F0D6E0002026C466000813D7 /* Build configuration list for PBXNativeTarget "Drawing" */ = {
			isa = XCConfigurationList;
			buildConfigurations = (
				F0D6E0012026C466000813D7 /* Debug */,
				F0D6E0022026C466000813D7 /* Release */,
			);
			defaultConfigurationIsVisible = 0;
			defaultConfigurationName = Release;
		};
		F0D6E0032026C466000813D7 /* Build configuration list for PBXNativeTarget "DrawingTests" */ = {
			isa = XCConfigurationList;
			buildConfigurations = (
				F0D6E0042026C466000813D7 /* Debug */,
				F0D6E0052026C466000813D7 /* Release */,
			);
			defaultConfigurationIsVisible = 0;
			defaultConfigurationName = Release;
		};
		F0D6E0062026C466000813D7 /* Build configuration list for PBXNativeTarget "DrawingUITests" */ = {
			isa = XCConfigurationList;
			buildConfigurations = (
				F0D6E0072026C466000813D7 /* Debug */,
				F0D6E0082026C466000813D7 /* Release */,
			);
			defaultConfigurationIsVisible = 0;
			defaultConfigurationName = Release;
		};
/* End XCConfigurationList section */
	};
	rootObject = F0D6DFD02026C466000813D7 /* Project object */;
}
